// !$*UTF8*$!
{
	archiveVersion = 1;
	classes = {
	};
	objectVersion = 50;
	objects = {

/* Begin PBXBuildFile section */
		1D050317274A98DF009AF842 /* CacheFeedUseCaseTests.swift in Sources */ = {isa = PBXBuildFile; fileRef = 1D050316274A98DF009AF842 /* CacheFeedUseCaseTests.swift */; };
		1D05031C274C2D93009AF842 /* LocalFeedLoader.swift in Sources */ = {isa = PBXBuildFile; fileRef = 1D05031B274C2D93009AF842 /* LocalFeedLoader.swift */; };
		1D33AD51274E860C0044E5BB /* FeedStore.swift in Sources */ = {isa = PBXBuildFile; fileRef = 1D33AD50274E860C0044E5BB /* FeedStore.swift */; };
		1D33AD53274EA1820044E5BB /* RemoteFeedItem.swift in Sources */ = {isa = PBXBuildFile; fileRef = 1D33AD52274EA1820044E5BB /* RemoteFeedItem.swift */; };
		1D33AD55274EA2020044E5BB /* LocalFeedImage.swift in Sources */ = {isa = PBXBuildFile; fileRef = 1D33AD54274EA2020044E5BB /* LocalFeedImage.swift */; };
		1D4455FB274FE35B002B94BF /* LoadFeedFromCacheUseCaseTests.swift in Sources */ = {isa = PBXBuildFile; fileRef = 1D4455FA274FE35B002B94BF /* LoadFeedFromCacheUseCaseTests.swift */; };
		1D4455FD274FE51A002B94BF /* FeedStoreSpy.swift in Sources */ = {isa = PBXBuildFile; fileRef = 1D4455FC274FE51A002B94BF /* FeedStoreSpy.swift */; };
		1D4455FF2750E557002B94BF /* ValidateCacheFeedUseCaseTests.swift in Sources */ = {isa = PBXBuildFile; fileRef = 1D4455FE2750E557002B94BF /* ValidateCacheFeedUseCaseTests.swift */; };
		1D44560227511465002B94BF /* FeedCacheTestHelpers.swift in Sources */ = {isa = PBXBuildFile; fileRef = 1D44560127511465002B94BF /* FeedCacheTestHelpers.swift */; };
		1D445605275115DB002B94BF /* SharedTestHelpers.swift in Sources */ = {isa = PBXBuildFile; fileRef = 1D445604275115DB002B94BF /* SharedTestHelpers.swift */; };
		1D44560727520132002B94BF /* FeedCachePolicy.swift in Sources */ = {isa = PBXBuildFile; fileRef = 1D44560627520132002B94BF /* FeedCachePolicy.swift */; };
		1D445609275253DD002B94BF /* CodableFeedStoreTests.swift in Sources */ = {isa = PBXBuildFile; fileRef = 1D445608275253DD002B94BF /* CodableFeedStoreTests.swift */; };
		1DB5ADB62775F9BD00BFF17C /* FeedStoreSpecs.swift in Sources */ = {isa = PBXBuildFile; fileRef = 1DB5ADB52775F9BD00BFF17C /* FeedStoreSpecs.swift */; };
		1DB5ADB82776020B00BFF17C /* XCTestCase+FeedStoreSpecs.swift in Sources */ = {isa = PBXBuildFile; fileRef = 1DB5ADB72776020B00BFF17C /* XCTestCase+FeedStoreSpecs.swift */; };
		1DB5ADBA2776316000BFF17C /* CoreDataFeedStoreTests.swift in Sources */ = {isa = PBXBuildFile; fileRef = 1DB5ADB92776316000BFF17C /* CoreDataFeedStoreTests.swift */; };
		1DB5ADBC2776325500BFF17C /* CoreDataFeedStore.swift in Sources */ = {isa = PBXBuildFile; fileRef = 1DB5ADBB2776325500BFF17C /* CoreDataFeedStore.swift */; };
		1DB5ADDA2776F2B400BFF17C /* FeedStore.xcdatamodeld in Sources */ = {isa = PBXBuildFile; fileRef = 1DB5ADD82776F2B400BFF17C /* FeedStore.xcdatamodeld */; };
		1DF1C8F427724EA9005E6731 /* CodableFeedStore.swift in Sources */ = {isa = PBXBuildFile; fileRef = 1DF1C8F327724EA9005E6731 /* CodableFeedStore.swift */; };
		4E10C8AD24D37F1100FF89DE /* URLSessionHTTPClientTests.swift in Sources */ = {isa = PBXBuildFile; fileRef = 4E10C8AC24D37F1100FF89DE /* URLSessionHTTPClientTests.swift */; };
		4E13EA3E24CF686800389ADF /* HTTPClient.swift in Sources */ = {isa = PBXBuildFile; fileRef = 4E13EA3D24CF686800389ADF /* HTTPClient.swift */; };
		4E13EA4024CF68CC00389ADF /* FeedItemsMapper.swift in Sources */ = {isa = PBXBuildFile; fileRef = 4E13EA3F24CF68CC00389ADF /* FeedItemsMapper.swift */; };
		4E42F13726AB8842009F3914 /* URLSessionHTTPClient.swift in Sources */ = {isa = PBXBuildFile; fileRef = 4E42F13626AB8842009F3914 /* URLSessionHTTPClient.swift */; };
		4E42F14126ADAFBB009F3914 /* EssentialFeedAPIEndToEndTests.swift in Sources */ = {isa = PBXBuildFile; fileRef = 4E42F14026ADAFBB009F3914 /* EssentialFeedAPIEndToEndTests.swift */; };
		4E42F14326ADAFBB009F3914 /* EssentialFeed.framework in Frameworks */ = {isa = PBXBuildFile; fileRef = 4ED00D1324B50A9B007FBEB9 /* EssentialFeed.framework */; };
		4E42F14926ADCFB3009F3914 /* XCTestCaseMemmoryLeakTracking.swift in Sources */ = {isa = PBXBuildFile; fileRef = 4E61C1F524FC487B00EACFF9 /* XCTestCaseMemmoryLeakTracking.swift */; };
		4E5D8FE124C62A0600D57D9A /* RemoteFeedLoader.swift in Sources */ = {isa = PBXBuildFile; fileRef = 4E5D8FE024C62A0600D57D9A /* RemoteFeedLoader.swift */; };
		4E61C1F624FC487B00EACFF9 /* XCTestCaseMemmoryLeakTracking.swift in Sources */ = {isa = PBXBuildFile; fileRef = 4E61C1F524FC487B00EACFF9 /* XCTestCaseMemmoryLeakTracking.swift */; };
		4EC78594272C036200B4398F /* Readme.md in Resources */ = {isa = PBXBuildFile; fileRef = 4EC78593272C036200B4398F /* Readme.md */; };
		4ED00D1D24B50A9B007FBEB9 /* EssentialFeed.framework in Frameworks */ = {isa = PBXBuildFile; fileRef = 4ED00D1324B50A9B007FBEB9 /* EssentialFeed.framework */; };
		4ED00D2E24B50AB8007FBEB9 /* FeedImage.swift in Sources */ = {isa = PBXBuildFile; fileRef = 4ED00D2D24B50AB8007FBEB9 /* FeedImage.swift */; };
		4ED00D3024B50BBF007FBEB9 /* FeedLoader.swift in Sources */ = {isa = PBXBuildFile; fileRef = 4ED00D2F24B50BBF007FBEB9 /* FeedLoader.swift */; };
		4ED00D3324B51AB3007FBEB9 /* LoadFeedFromRemoteUseCaseTests.swift in Sources */ = {isa = PBXBuildFile; fileRef = 4ED00D3224B51AB3007FBEB9 /* LoadFeedFromRemoteUseCaseTests.swift */; };
/* End PBXBuildFile section */

/* Begin PBXContainerItemProxy section */
		4E42F14426ADAFBB009F3914 /* PBXContainerItemProxy */ = {
			isa = PBXContainerItemProxy;
			containerPortal = 4ED00D0A24B50A9B007FBEB9 /* Project object */;
			proxyType = 1;
			remoteGlobalIDString = 4ED00D1224B50A9B007FBEB9;
			remoteInfo = EssentialFeed;
		};
		4ED00D1E24B50A9B007FBEB9 /* PBXContainerItemProxy */ = {
			isa = PBXContainerItemProxy;
			containerPortal = 4ED00D0A24B50A9B007FBEB9 /* Project object */;
			proxyType = 1;
			remoteGlobalIDString = 4ED00D1224B50A9B007FBEB9;
			remoteInfo = EssentialFeed;
		};
/* End PBXContainerItemProxy section */

/* Begin PBXFileReference section */
		1D050316274A98DF009AF842 /* CacheFeedUseCaseTests.swift */ = {isa = PBXFileReference; lastKnownFileType = sourcecode.swift; path = CacheFeedUseCaseTests.swift; sourceTree = "<group>"; };
		1D05031B274C2D93009AF842 /* LocalFeedLoader.swift */ = {isa = PBXFileReference; lastKnownFileType = sourcecode.swift; path = LocalFeedLoader.swift; sourceTree = "<group>"; };
		1D33AD50274E860C0044E5BB /* FeedStore.swift */ = {isa = PBXFileReference; lastKnownFileType = sourcecode.swift; path = FeedStore.swift; sourceTree = "<group>"; };
		1D33AD52274EA1820044E5BB /* RemoteFeedItem.swift */ = {isa = PBXFileReference; lastKnownFileType = sourcecode.swift; path = RemoteFeedItem.swift; sourceTree = "<group>"; };
		1D33AD54274EA2020044E5BB /* LocalFeedImage.swift */ = {isa = PBXFileReference; lastKnownFileType = sourcecode.swift; path = LocalFeedImage.swift; sourceTree = "<group>"; };
		1D4455FA274FE35B002B94BF /* LoadFeedFromCacheUseCaseTests.swift */ = {isa = PBXFileReference; lastKnownFileType = sourcecode.swift; path = LoadFeedFromCacheUseCaseTests.swift; sourceTree = "<group>"; };
		1D4455FC274FE51A002B94BF /* FeedStoreSpy.swift */ = {isa = PBXFileReference; lastKnownFileType = sourcecode.swift; path = FeedStoreSpy.swift; sourceTree = "<group>"; };
		1D4455FE2750E557002B94BF /* ValidateCacheFeedUseCaseTests.swift */ = {isa = PBXFileReference; lastKnownFileType = sourcecode.swift; path = ValidateCacheFeedUseCaseTests.swift; sourceTree = "<group>"; };
		1D44560127511465002B94BF /* FeedCacheTestHelpers.swift */ = {isa = PBXFileReference; lastKnownFileType = sourcecode.swift; path = FeedCacheTestHelpers.swift; sourceTree = "<group>"; };
		1D445604275115DB002B94BF /* SharedTestHelpers.swift */ = {isa = PBXFileReference; lastKnownFileType = sourcecode.swift; path = SharedTestHelpers.swift; sourceTree = "<group>"; };
		1D44560627520132002B94BF /* FeedCachePolicy.swift */ = {isa = PBXFileReference; lastKnownFileType = sourcecode.swift; path = FeedCachePolicy.swift; sourceTree = "<group>"; };
		1D445608275253DD002B94BF /* CodableFeedStoreTests.swift */ = {isa = PBXFileReference; lastKnownFileType = sourcecode.swift; path = CodableFeedStoreTests.swift; sourceTree = "<group>"; };
		1DB5ADB52775F9BD00BFF17C /* FeedStoreSpecs.swift */ = {isa = PBXFileReference; lastKnownFileType = sourcecode.swift; path = FeedStoreSpecs.swift; sourceTree = "<group>"; };
		1DB5ADB72776020B00BFF17C /* XCTestCase+FeedStoreSpecs.swift */ = {isa = PBXFileReference; lastKnownFileType = sourcecode.swift; path = "XCTestCase+FeedStoreSpecs.swift"; sourceTree = "<group>"; };
		1DB5ADB92776316000BFF17C /* CoreDataFeedStoreTests.swift */ = {isa = PBXFileReference; lastKnownFileType = sourcecode.swift; path = CoreDataFeedStoreTests.swift; sourceTree = "<group>"; };
		1DB5ADBB2776325500BFF17C /* CoreDataFeedStore.swift */ = {isa = PBXFileReference; lastKnownFileType = sourcecode.swift; path = CoreDataFeedStore.swift; sourceTree = "<group>"; };
		1DB5ADD92776F2B400BFF17C /* FeedStore.xcdatamodel */ = {isa = PBXFileReference; lastKnownFileType = wrapper.xcdatamodel; path = FeedStore.xcdatamodel; sourceTree = "<group>"; };
		1DF1C8F327724EA9005E6731 /* CodableFeedStore.swift */ = {isa = PBXFileReference; lastKnownFileType = sourcecode.swift; path = CodableFeedStore.swift; sourceTree = "<group>"; };
		4E10C8AC24D37F1100FF89DE /* URLSessionHTTPClientTests.swift */ = {isa = PBXFileReference; lastKnownFileType = sourcecode.swift; path = URLSessionHTTPClientTests.swift; sourceTree = "<group>"; };
		4E13EA3D24CF686800389ADF /* HTTPClient.swift */ = {isa = PBXFileReference; lastKnownFileType = sourcecode.swift; path = HTTPClient.swift; sourceTree = "<group>"; };
		4E13EA3F24CF68CC00389ADF /* FeedItemsMapper.swift */ = {isa = PBXFileReference; lastKnownFileType = sourcecode.swift; path = FeedItemsMapper.swift; sourceTree = "<group>"; };
		4E42F13626AB8842009F3914 /* URLSessionHTTPClient.swift */ = {isa = PBXFileReference; lastKnownFileType = sourcecode.swift; path = URLSessionHTTPClient.swift; sourceTree = "<group>"; };
		4E42F13E26ADAFBB009F3914 /* EssentialFeedAPIEndToEndTests.xctest */ = {isa = PBXFileReference; explicitFileType = wrapper.cfbundle; includeInIndex = 0; path = EssentialFeedAPIEndToEndTests.xctest; sourceTree = BUILT_PRODUCTS_DIR; };
		4E42F14026ADAFBB009F3914 /* EssentialFeedAPIEndToEndTests.swift */ = {isa = PBXFileReference; lastKnownFileType = sourcecode.swift; path = EssentialFeedAPIEndToEndTests.swift; sourceTree = "<group>"; };
		4E42F14226ADAFBB009F3914 /* Info.plist */ = {isa = PBXFileReference; lastKnownFileType = text.plist.xml; path = Info.plist; sourceTree = "<group>"; };
		4E5D8FE024C62A0600D57D9A /* RemoteFeedLoader.swift */ = {isa = PBXFileReference; lastKnownFileType = sourcecode.swift; path = RemoteFeedLoader.swift; sourceTree = "<group>"; };
		4E61C1F524FC487B00EACFF9 /* XCTestCaseMemmoryLeakTracking.swift */ = {isa = PBXFileReference; lastKnownFileType = sourcecode.swift; path = XCTestCaseMemmoryLeakTracking.swift; sourceTree = "<group>"; };
		4EC78593272C036200B4398F /* Readme.md */ = {isa = PBXFileReference; lastKnownFileType = net.daringfireball.markdown; path = Readme.md; sourceTree = "<group>"; };
		4ED00D1324B50A9B007FBEB9 /* EssentialFeed.framework */ = {isa = PBXFileReference; explicitFileType = wrapper.framework; includeInIndex = 0; path = EssentialFeed.framework; sourceTree = BUILT_PRODUCTS_DIR; };
		4ED00D1724B50A9B007FBEB9 /* Info.plist */ = {isa = PBXFileReference; lastKnownFileType = text.plist.xml; path = Info.plist; sourceTree = "<group>"; };
		4ED00D1C24B50A9B007FBEB9 /* EssentialFeedTests.xctest */ = {isa = PBXFileReference; explicitFileType = wrapper.cfbundle; includeInIndex = 0; path = EssentialFeedTests.xctest; sourceTree = BUILT_PRODUCTS_DIR; };
		4ED00D2324B50A9B007FBEB9 /* Info.plist */ = {isa = PBXFileReference; lastKnownFileType = text.plist.xml; path = Info.plist; sourceTree = "<group>"; };
		4ED00D2D24B50AB8007FBEB9 /* FeedImage.swift */ = {isa = PBXFileReference; lastKnownFileType = sourcecode.swift; path = FeedImage.swift; sourceTree = "<group>"; };
		4ED00D2F24B50BBF007FBEB9 /* FeedLoader.swift */ = {isa = PBXFileReference; lastKnownFileType = sourcecode.swift; path = FeedLoader.swift; sourceTree = "<group>"; };
		4ED00D3224B51AB3007FBEB9 /* LoadFeedFromRemoteUseCaseTests.swift */ = {isa = PBXFileReference; lastKnownFileType = sourcecode.swift; path = LoadFeedFromRemoteUseCaseTests.swift; sourceTree = "<group>"; };
/* End PBXFileReference section */

/* Begin PBXFrameworksBuildPhase section */
		4E42F13B26ADAFBB009F3914 /* Frameworks */ = {
			isa = PBXFrameworksBuildPhase;
			buildActionMask = 2147483647;
			files = (
				4E42F14326ADAFBB009F3914 /* EssentialFeed.framework in Frameworks */,
			);
			runOnlyForDeploymentPostprocessing = 0;
		};
		4ED00D1024B50A9B007FBEB9 /* Frameworks */ = {
			isa = PBXFrameworksBuildPhase;
			buildActionMask = 2147483647;
			files = (
			);
			runOnlyForDeploymentPostprocessing = 0;
		};
		4ED00D1924B50A9B007FBEB9 /* Frameworks */ = {
			isa = PBXFrameworksBuildPhase;
			buildActionMask = 2147483647;
			files = (
				4ED00D1D24B50A9B007FBEB9 /* EssentialFeed.framework in Frameworks */,
			);
			runOnlyForDeploymentPostprocessing = 0;
		};
/* End PBXFrameworksBuildPhase section */

/* Begin PBXGroup section */
		1D050315274A98BF009AF842 /* Feed Cache */ = {
			isa = PBXGroup;
			children = (
				1D44560027511352002B94BF /* Helpers */,
				1D050316274A98DF009AF842 /* CacheFeedUseCaseTests.swift */,
				1D4455FA274FE35B002B94BF /* LoadFeedFromCacheUseCaseTests.swift */,
				1D4455FE2750E557002B94BF /* ValidateCacheFeedUseCaseTests.swift */,
				1D445608275253DD002B94BF /* CodableFeedStoreTests.swift */,
				1DB5ADB52775F9BD00BFF17C /* FeedStoreSpecs.swift */,
				1DB5ADB72776020B00BFF17C /* XCTestCase+FeedStoreSpecs.swift */,
				1DB5ADB92776316000BFF17C /* CoreDataFeedStoreTests.swift */,
			);
			path = "Feed Cache";
			sourceTree = "<group>";
		};
		1D05031A274C2D75009AF842 /* Feed Cache */ = {
			isa = PBXGroup;
			children = (
				1D05031B274C2D93009AF842 /* LocalFeedLoader.swift */,
				1D33AD50274E860C0044E5BB /* FeedStore.swift */,
				1D33AD54274EA2020044E5BB /* LocalFeedImage.swift */,
				1D44560627520132002B94BF /* FeedCachePolicy.swift */,
				1DF1C8F327724EA9005E6731 /* CodableFeedStore.swift */,
				1DB5ADBB2776325500BFF17C /* CoreDataFeedStore.swift */,
				1DB5ADD82776F2B400BFF17C /* FeedStore.xcdatamodeld */,
			);
			path = "Feed Cache";
			sourceTree = "<group>";
		};
		1D44560027511352002B94BF /* Helpers */ = {
			isa = PBXGroup;
			children = (
				1D4455FC274FE51A002B94BF /* FeedStoreSpy.swift */,
				1D44560127511465002B94BF /* FeedCacheTestHelpers.swift */,
			);
			path = Helpers;
			sourceTree = "<group>";
		};
		4E13EA4124CF72F400389ADF /* Feed API */ = {
			isa = PBXGroup;
			children = (
				4ED00D3224B51AB3007FBEB9 /* LoadFeedFromRemoteUseCaseTests.swift */,
				4E10C8AC24D37F1100FF89DE /* URLSessionHTTPClientTests.swift */,
			);
			path = "Feed API";
			sourceTree = "<group>";
		};
		4E42F13F26ADAFBB009F3914 /* EssentialFeedAPIEndToEndTests */ = {
			isa = PBXGroup;
			children = (
				4E42F14026ADAFBB009F3914 /* EssentialFeedAPIEndToEndTests.swift */,
				4E42F14226ADAFBB009F3914 /* Info.plist */,
			);
			path = EssentialFeedAPIEndToEndTests;
			sourceTree = "<group>";
		};
		4E5D8FDF24C629E000D57D9A /* Feed Api */ = {
			isa = PBXGroup;
			children = (
				4E5D8FE024C62A0600D57D9A /* RemoteFeedLoader.swift */,
				4E13EA3D24CF686800389ADF /* HTTPClient.swift */,
				4E13EA3F24CF68CC00389ADF /* FeedItemsMapper.swift */,
				1D33AD52274EA1820044E5BB /* RemoteFeedItem.swift */,
				4E42F13626AB8842009F3914 /* URLSessionHTTPClient.swift */,
			);
			path = "Feed Api";
			sourceTree = "<group>";
		};
		4E61C1F424FC485F00EACFF9 /* Helpers */ = {
			isa = PBXGroup;
			children = (
				4E61C1F524FC487B00EACFF9 /* XCTestCaseMemmoryLeakTracking.swift */,
				1D445604275115DB002B94BF /* SharedTestHelpers.swift */,
			);
			path = Helpers;
			sourceTree = "<group>";
		};
		4ED00D0924B50A9B007FBEB9 = {
			isa = PBXGroup;
			children = (
				4ED00D1524B50A9B007FBEB9 /* EssentialFeed */,
				4ED00D2024B50A9B007FBEB9 /* EssentialFeedTests */,
				4E42F13F26ADAFBB009F3914 /* EssentialFeedAPIEndToEndTests */,
				4ED00D1424B50A9B007FBEB9 /* Products */,
			);
			sourceTree = "<group>";
		};
		4ED00D1424B50A9B007FBEB9 /* Products */ = {
			isa = PBXGroup;
			children = (
				4ED00D1324B50A9B007FBEB9 /* EssentialFeed.framework */,
				4ED00D1C24B50A9B007FBEB9 /* EssentialFeedTests.xctest */,
				4E42F13E26ADAFBB009F3914 /* EssentialFeedAPIEndToEndTests.xctest */,
			);
			name = Products;
			sourceTree = "<group>";
		};
		4ED00D1524B50A9B007FBEB9 /* EssentialFeed */ = {
			isa = PBXGroup;
			children = (
				1D05031A274C2D75009AF842 /* Feed Cache */,
				4E5D8FDF24C629E000D57D9A /* Feed Api */,
				4ED00D3124B50CE2007FBEB9 /* Feed Feature */,
				4ED00D1724B50A9B007FBEB9 /* Info.plist */,
				4EC78593272C036200B4398F /* Readme.md */,
			);
			path = EssentialFeed;
			sourceTree = "<group>";
		};
		4ED00D2024B50A9B007FBEB9 /* EssentialFeedTests */ = {
			isa = PBXGroup;
			children = (
				1D050315274A98BF009AF842 /* Feed Cache */,
				4E13EA4124CF72F400389ADF /* Feed API */,
				4E61C1F424FC485F00EACFF9 /* Helpers */,
				4ED00D2324B50A9B007FBEB9 /* Info.plist */,
			);
			path = EssentialFeedTests;
			sourceTree = "<group>";
		};
		4ED00D3124B50CE2007FBEB9 /* Feed Feature */ = {
			isa = PBXGroup;
			children = (
				4ED00D2D24B50AB8007FBEB9 /* FeedImage.swift */,
				4ED00D2F24B50BBF007FBEB9 /* FeedLoader.swift */,
			);
			path = "Feed Feature";
			sourceTree = "<group>";
		};
/* End PBXGroup section */

/* Begin PBXHeadersBuildPhase section */
		4ED00D0E24B50A9B007FBEB9 /* Headers */ = {
			isa = PBXHeadersBuildPhase;
			buildActionMask = 2147483647;
			files = (
			);
			runOnlyForDeploymentPostprocessing = 0;
		};
/* End PBXHeadersBuildPhase section */

/* Begin PBXNativeTarget section */
		4E42F13D26ADAFBB009F3914 /* EssentialFeedAPIEndToEndTests */ = {
			isa = PBXNativeTarget;
			buildConfigurationList = 4E42F14626ADAFBB009F3914 /* Build configuration list for PBXNativeTarget "EssentialFeedAPIEndToEndTests" */;
			buildPhases = (
				4E42F13A26ADAFBB009F3914 /* Sources */,
				4E42F13B26ADAFBB009F3914 /* Frameworks */,
				4E42F13C26ADAFBB009F3914 /* Resources */,
			);
			buildRules = (
			);
			dependencies = (
				4E42F14526ADAFBB009F3914 /* PBXTargetDependency */,
			);
			name = EssentialFeedAPIEndToEndTests;
			productName = EssentialFeedAPIEndToEndTests;
			productReference = 4E42F13E26ADAFBB009F3914 /* EssentialFeedAPIEndToEndTests.xctest */;
			productType = "com.apple.product-type.bundle.unit-test";
		};
		4ED00D1224B50A9B007FBEB9 /* EssentialFeed */ = {
			isa = PBXNativeTarget;
			buildConfigurationList = 4ED00D2724B50A9B007FBEB9 /* Build configuration list for PBXNativeTarget "EssentialFeed" */;
			buildPhases = (
				4ED00D0E24B50A9B007FBEB9 /* Headers */,
				4ED00D0F24B50A9B007FBEB9 /* Sources */,
				4ED00D1024B50A9B007FBEB9 /* Frameworks */,
				4ED00D1124B50A9B007FBEB9 /* Resources */,
			);
			buildRules = (
			);
			dependencies = (
			);
			name = EssentialFeed;
			productName = EssentialFeed;
			productReference = 4ED00D1324B50A9B007FBEB9 /* EssentialFeed.framework */;
			productType = "com.apple.product-type.framework";
		};
		4ED00D1B24B50A9B007FBEB9 /* EssentialFeedTests */ = {
			isa = PBXNativeTarget;
			buildConfigurationList = 4ED00D2A24B50A9B007FBEB9 /* Build configuration list for PBXNativeTarget "EssentialFeedTests" */;
			buildPhases = (
				4ED00D1824B50A9B007FBEB9 /* Sources */,
				4ED00D1924B50A9B007FBEB9 /* Frameworks */,
				4ED00D1A24B50A9B007FBEB9 /* Resources */,
			);
			buildRules = (
			);
			dependencies = (
				4ED00D1F24B50A9B007FBEB9 /* PBXTargetDependency */,
			);
			name = EssentialFeedTests;
			productName = EssentialFeedTests;
			productReference = 4ED00D1C24B50A9B007FBEB9 /* EssentialFeedTests.xctest */;
			productType = "com.apple.product-type.bundle.unit-test";
		};
/* End PBXNativeTarget section */

/* Begin PBXProject section */
		4ED00D0A24B50A9B007FBEB9 /* Project object */ = {
			isa = PBXProject;
			attributes = {
				LastSwiftUpdateCheck = 1250;
				LastUpgradeCheck = 1250;
				ORGANIZATIONNAME = Nagarro;
				TargetAttributes = {
					4E42F13D26ADAFBB009F3914 = {
						CreatedOnToolsVersion = 12.5;
					};
					4ED00D1224B50A9B007FBEB9 = {
						CreatedOnToolsVersion = 11.3.1;
						LastSwiftMigration = 1130;
					};
					4ED00D1B24B50A9B007FBEB9 = {
						CreatedOnToolsVersion = 11.3.1;
					};
				};
			};
			buildConfigurationList = 4ED00D0D24B50A9B007FBEB9 /* Build configuration list for PBXProject "EssentialFeed" */;
			compatibilityVersion = "Xcode 9.3";
			developmentRegion = en;
			hasScannedForEncodings = 0;
			knownRegions = (
				en,
				Base,
			);
			mainGroup = 4ED00D0924B50A9B007FBEB9;
			productRefGroup = 4ED00D1424B50A9B007FBEB9 /* Products */;
			projectDirPath = "";
			projectRoot = "";
			targets = (
				4ED00D1224B50A9B007FBEB9 /* EssentialFeed */,
				4ED00D1B24B50A9B007FBEB9 /* EssentialFeedTests */,
				4E42F13D26ADAFBB009F3914 /* EssentialFeedAPIEndToEndTests */,
			);
		};
/* End PBXProject section */

/* Begin PBXResourcesBuildPhase section */
		4E42F13C26ADAFBB009F3914 /* Resources */ = {
			isa = PBXResourcesBuildPhase;
			buildActionMask = 2147483647;
			files = (
			);
			runOnlyForDeploymentPostprocessing = 0;
		};
		4ED00D1124B50A9B007FBEB9 /* Resources */ = {
			isa = PBXResourcesBuildPhase;
			buildActionMask = 2147483647;
			files = (
				4EC78594272C036200B4398F /* Readme.md in Resources */,
			);
			runOnlyForDeploymentPostprocessing = 0;
		};
		4ED00D1A24B50A9B007FBEB9 /* Resources */ = {
			isa = PBXResourcesBuildPhase;
			buildActionMask = 2147483647;
			files = (
			);
			runOnlyForDeploymentPostprocessing = 0;
		};
/* End PBXResourcesBuildPhase section */

/* Begin PBXSourcesBuildPhase section */
		4E42F13A26ADAFBB009F3914 /* Sources */ = {
			isa = PBXSourcesBuildPhase;
			buildActionMask = 2147483647;
			files = (
				4E42F14126ADAFBB009F3914 /* EssentialFeedAPIEndToEndTests.swift in Sources */,
				4E42F14926ADCFB3009F3914 /* XCTestCaseMemmoryLeakTracking.swift in Sources */,
			);
			runOnlyForDeploymentPostprocessing = 0;
		};
		4ED00D0F24B50A9B007FBEB9 /* Sources */ = {
			isa = PBXSourcesBuildPhase;
			buildActionMask = 2147483647;
			files = (
				4E13EA4024CF68CC00389ADF /* FeedItemsMapper.swift in Sources */,
				4ED00D3024B50BBF007FBEB9 /* FeedLoader.swift in Sources */,
				1D33AD53274EA1820044E5BB /* RemoteFeedItem.swift in Sources */,
				1D44560727520132002B94BF /* FeedCachePolicy.swift in Sources */,
				4E5D8FE124C62A0600D57D9A /* RemoteFeedLoader.swift in Sources */,
				1DB5ADDA2776F2B400BFF17C /* FeedStore.xcdatamodeld in Sources */,
				1D33AD55274EA2020044E5BB /* LocalFeedImage.swift in Sources */,
				1D33AD51274E860C0044E5BB /* FeedStore.swift in Sources */,
				1D05031C274C2D93009AF842 /* LocalFeedLoader.swift in Sources */,
				1DF1C8F427724EA9005E6731 /* CodableFeedStore.swift in Sources */,
				4E13EA3E24CF686800389ADF /* HTTPClient.swift in Sources */,
				4ED00D2E24B50AB8007FBEB9 /* FeedImage.swift in Sources */,
				4E42F13726AB8842009F3914 /* URLSessionHTTPClient.swift in Sources */,
				1DB5ADBC2776325500BFF17C /* CoreDataFeedStore.swift in Sources */,
			);
			runOnlyForDeploymentPostprocessing = 0;
		};
		4ED00D1824B50A9B007FBEB9 /* Sources */ = {
			isa = PBXSourcesBuildPhase;
			buildActionMask = 2147483647;
			files = (
				1D445609275253DD002B94BF /* CodableFeedStoreTests.swift in Sources */,
				1DB5ADBA2776316000BFF17C /* CoreDataFeedStoreTests.swift in Sources */,
				1D44560227511465002B94BF /* FeedCacheTestHelpers.swift in Sources */,
				4E61C1F624FC487B00EACFF9 /* XCTestCaseMemmoryLeakTracking.swift in Sources */,
				4ED00D3324B51AB3007FBEB9 /* LoadFeedFromRemoteUseCaseTests.swift in Sources */,
				1D4455FD274FE51A002B94BF /* FeedStoreSpy.swift in Sources */,
				1D050317274A98DF009AF842 /* CacheFeedUseCaseTests.swift in Sources */,
				1D445605275115DB002B94BF /* SharedTestHelpers.swift in Sources */,
				4E10C8AD24D37F1100FF89DE /* URLSessionHTTPClientTests.swift in Sources */,
				1D4455FB274FE35B002B94BF /* LoadFeedFromCacheUseCaseTests.swift in Sources */,
				1DB5ADB62775F9BD00BFF17C /* FeedStoreSpecs.swift in Sources */,
				1D4455FF2750E557002B94BF /* ValidateCacheFeedUseCaseTests.swift in Sources */,
				1DB5ADB82776020B00BFF17C /* XCTestCase+FeedStoreSpecs.swift in Sources */,
			);
			runOnlyForDeploymentPostprocessing = 0;
		};
/* End PBXSourcesBuildPhase section */

/* Begin PBXTargetDependency section */
		4E42F14526ADAFBB009F3914 /* PBXTargetDependency */ = {
			isa = PBXTargetDependency;
			target = 4ED00D1224B50A9B007FBEB9 /* EssentialFeed */;
			targetProxy = 4E42F14426ADAFBB009F3914 /* PBXContainerItemProxy */;
		};
		4ED00D1F24B50A9B007FBEB9 /* PBXTargetDependency */ = {
			isa = PBXTargetDependency;
			target = 4ED00D1224B50A9B007FBEB9 /* EssentialFeed */;
			targetProxy = 4ED00D1E24B50A9B007FBEB9 /* PBXContainerItemProxy */;
		};
/* End PBXTargetDependency section */

/* Begin XCBuildConfiguration section */
		4E42F14726ADAFBB009F3914 /* Debug */ = {
			isa = XCBuildConfiguration;
			buildSettings = {
				CODE_SIGN_STYLE = Automatic;
				COMBINE_HIDPI_IMAGES = YES;
				DEVELOPMENT_TEAM = 9RVB525M22;
				INFOPLIST_FILE = EssentialFeedAPIEndToEndTests/Info.plist;
				LD_RUNPATH_SEARCH_PATHS = (
					"$(inherited)",
					"@executable_path/../Frameworks",
					"@loader_path/../Frameworks",
				);
				MACOSX_DEPLOYMENT_TARGET = 11.3;
				PRODUCT_BUNDLE_IDENTIFIER = ae.gov.EssentialFeedAPIEndToEndTests;
				PRODUCT_NAME = "$(TARGET_NAME)";
				SWIFT_VERSION = 5.0;
			};
			name = Debug;
		};
		4E42F14826ADAFBB009F3914 /* Release */ = {
			isa = XCBuildConfiguration;
			buildSettings = {
				CODE_SIGN_STYLE = Automatic;
				COMBINE_HIDPI_IMAGES = YES;
				DEVELOPMENT_TEAM = 9RVB525M22;
				INFOPLIST_FILE = EssentialFeedAPIEndToEndTests/Info.plist;
				LD_RUNPATH_SEARCH_PATHS = (
					"$(inherited)",
					"@executable_path/../Frameworks",
					"@loader_path/../Frameworks",
				);
				MACOSX_DEPLOYMENT_TARGET = 11.3;
				PRODUCT_BUNDLE_IDENTIFIER = ae.gov.EssentialFeedAPIEndToEndTests;
				PRODUCT_NAME = "$(TARGET_NAME)";
				SWIFT_VERSION = 5.0;
			};
			name = Release;
		};
		4ED00D2524B50A9B007FBEB9 /* Debug */ = {
			isa = XCBuildConfiguration;
			buildSettings = {
				ALWAYS_SEARCH_USER_PATHS = NO;
				CLANG_ANALYZER_NONNULL = YES;
				CLANG_ANALYZER_NUMBER_OBJECT_CONVERSION = YES_AGGRESSIVE;
				CLANG_CXX_LANGUAGE_STANDARD = "gnu++14";
				CLANG_CXX_LIBRARY = "libc++";
				CLANG_ENABLE_MODULES = YES;
				CLANG_ENABLE_OBJC_ARC = YES;
				CLANG_ENABLE_OBJC_WEAK = YES;
				CLANG_WARN_BLOCK_CAPTURE_AUTORELEASING = YES;
				CLANG_WARN_BOOL_CONVERSION = YES;
				CLANG_WARN_COMMA = YES;
				CLANG_WARN_CONSTANT_CONVERSION = YES;
				CLANG_WARN_DEPRECATED_OBJC_IMPLEMENTATIONS = YES;
				CLANG_WARN_DIRECT_OBJC_ISA_USAGE = YES_ERROR;
				CLANG_WARN_DOCUMENTATION_COMMENTS = YES;
				CLANG_WARN_EMPTY_BODY = YES;
				CLANG_WARN_ENUM_CONVERSION = YES;
				CLANG_WARN_INFINITE_RECURSION = YES;
				CLANG_WARN_INT_CONVERSION = YES;
				CLANG_WARN_NON_LITERAL_NULL_CONVERSION = YES;
				CLANG_WARN_OBJC_IMPLICIT_RETAIN_SELF = YES;
				CLANG_WARN_OBJC_LITERAL_CONVERSION = YES;
				CLANG_WARN_OBJC_ROOT_CLASS = YES_ERROR;
				CLANG_WARN_QUOTED_INCLUDE_IN_FRAMEWORK_HEADER = YES;
				CLANG_WARN_RANGE_LOOP_ANALYSIS = YES;
				CLANG_WARN_STRICT_PROTOTYPES = YES;
				CLANG_WARN_SUSPICIOUS_MOVE = YES;
				CLANG_WARN_UNGUARDED_AVAILABILITY = YES_AGGRESSIVE;
				CLANG_WARN_UNREACHABLE_CODE = YES;
				CLANG_WARN__DUPLICATE_METHOD_MATCH = YES;
				COPY_PHASE_STRIP = NO;
				CURRENT_PROJECT_VERSION = 1;
				DEBUG_INFORMATION_FORMAT = dwarf;
				ENABLE_STRICT_OBJC_MSGSEND = YES;
				ENABLE_TESTABILITY = YES;
				GCC_C_LANGUAGE_STANDARD = gnu11;
				GCC_DYNAMIC_NO_PIC = NO;
				GCC_NO_COMMON_BLOCKS = YES;
				GCC_OPTIMIZATION_LEVEL = 0;
				GCC_PREPROCESSOR_DEFINITIONS = (
					"DEBUG=1",
					"$(inherited)",
				);
				GCC_WARN_64_TO_32_BIT_CONVERSION = YES;
				GCC_WARN_ABOUT_RETURN_TYPE = YES_ERROR;
				GCC_WARN_UNDECLARED_SELECTOR = YES;
				GCC_WARN_UNINITIALIZED_AUTOS = YES_AGGRESSIVE;
				GCC_WARN_UNUSED_FUNCTION = YES;
				GCC_WARN_UNUSED_VARIABLE = YES;
				MACOSX_DEPLOYMENT_TARGET = 10.15;
				MTL_ENABLE_DEBUG_INFO = INCLUDE_SOURCE;
				MTL_FAST_MATH = YES;
				ONLY_ACTIVE_ARCH = YES;
				SDKROOT = macosx;
				SWIFT_ACTIVE_COMPILATION_CONDITIONS = DEBUG;
				SWIFT_OPTIMIZATION_LEVEL = "-Onone";
				VERSIONING_SYSTEM = "apple-generic";
				VERSION_INFO_PREFIX = "";
			};
			name = Debug;
		};
		4ED00D2624B50A9B007FBEB9 /* Release */ = {
			isa = XCBuildConfiguration;
			buildSettings = {
				ALWAYS_SEARCH_USER_PATHS = NO;
				CLANG_ANALYZER_NONNULL = YES;
				CLANG_ANALYZER_NUMBER_OBJECT_CONVERSION = YES_AGGRESSIVE;
				CLANG_CXX_LANGUAGE_STANDARD = "gnu++14";
				CLANG_CXX_LIBRARY = "libc++";
				CLANG_ENABLE_MODULES = YES;
				CLANG_ENABLE_OBJC_ARC = YES;
				CLANG_ENABLE_OBJC_WEAK = YES;
				CLANG_WARN_BLOCK_CAPTURE_AUTORELEASING = YES;
				CLANG_WARN_BOOL_CONVERSION = YES;
				CLANG_WARN_COMMA = YES;
				CLANG_WARN_CONSTANT_CONVERSION = YES;
				CLANG_WARN_DEPRECATED_OBJC_IMPLEMENTATIONS = YES;
				CLANG_WARN_DIRECT_OBJC_ISA_USAGE = YES_ERROR;
				CLANG_WARN_DOCUMENTATION_COMMENTS = YES;
				CLANG_WARN_EMPTY_BODY = YES;
				CLANG_WARN_ENUM_CONVERSION = YES;
				CLANG_WARN_INFINITE_RECURSION = YES;
				CLANG_WARN_INT_CONVERSION = YES;
				CLANG_WARN_NON_LITERAL_NULL_CONVERSION = YES;
				CLANG_WARN_OBJC_IMPLICIT_RETAIN_SELF = YES;
				CLANG_WARN_OBJC_LITERAL_CONVERSION = YES;
				CLANG_WARN_OBJC_ROOT_CLASS = YES_ERROR;
				CLANG_WARN_QUOTED_INCLUDE_IN_FRAMEWORK_HEADER = YES;
				CLANG_WARN_RANGE_LOOP_ANALYSIS = YES;
				CLANG_WARN_STRICT_PROTOTYPES = YES;
				CLANG_WARN_SUSPICIOUS_MOVE = YES;
				CLANG_WARN_UNGUARDED_AVAILABILITY = YES_AGGRESSIVE;
				CLANG_WARN_UNREACHABLE_CODE = YES;
				CLANG_WARN__DUPLICATE_METHOD_MATCH = YES;
				COPY_PHASE_STRIP = NO;
				CURRENT_PROJECT_VERSION = 1;
				DEBUG_INFORMATION_FORMAT = "dwarf-with-dsym";
				ENABLE_NS_ASSERTIONS = NO;
				ENABLE_STRICT_OBJC_MSGSEND = YES;
				GCC_C_LANGUAGE_STANDARD = gnu11;
				GCC_NO_COMMON_BLOCKS = YES;
				GCC_WARN_64_TO_32_BIT_CONVERSION = YES;
				GCC_WARN_ABOUT_RETURN_TYPE = YES_ERROR;
				GCC_WARN_UNDECLARED_SELECTOR = YES;
				GCC_WARN_UNINITIALIZED_AUTOS = YES_AGGRESSIVE;
				GCC_WARN_UNUSED_FUNCTION = YES;
				GCC_WARN_UNUSED_VARIABLE = YES;
				MACOSX_DEPLOYMENT_TARGET = 10.15;
				MTL_ENABLE_DEBUG_INFO = NO;
				MTL_FAST_MATH = YES;
				SDKROOT = macosx;
				SWIFT_COMPILATION_MODE = wholemodule;
				SWIFT_OPTIMIZATION_LEVEL = "-O";
				VERSIONING_SYSTEM = "apple-generic";
				VERSION_INFO_PREFIX = "";
			};
			name = Release;
		};
		4ED00D2824B50A9B007FBEB9 /* Debug */ = {
			isa = XCBuildConfiguration;
			buildSettings = {
				CLANG_ENABLE_MODULES = YES;
				CODE_SIGN_STYLE = Automatic;
				COMBINE_HIDPI_IMAGES = YES;
				DEFINES_MODULE = YES;
				DYLIB_COMPATIBILITY_VERSION = 1;
				DYLIB_CURRENT_VERSION = 1;
				DYLIB_INSTALL_NAME_BASE = "@rpath";
				INFOPLIST_FILE = EssentialFeed/Info.plist;
				INSTALL_PATH = "$(LOCAL_LIBRARY_DIR)/Frameworks";
				LD_RUNPATH_SEARCH_PATHS = (
					"$(inherited)",
					"@executable_path/../Frameworks",
					"@loader_path/Frameworks",
				);
				PRODUCT_BUNDLE_IDENTIFIER = com.test.EssentialFeed;
				PRODUCT_NAME = "$(TARGET_NAME:c99extidentifier)";
				SKIP_INSTALL = YES;
				SWIFT_OPTIMIZATION_LEVEL = "-Onone";
				SWIFT_VERSION = 5.0;
			};
			name = Debug;
		};
		4ED00D2924B50A9B007FBEB9 /* Release */ = {
			isa = XCBuildConfiguration;
			buildSettings = {
				CLANG_ENABLE_MODULES = YES;
				CODE_SIGN_STYLE = Automatic;
				COMBINE_HIDPI_IMAGES = YES;
				DEFINES_MODULE = YES;
				DYLIB_COMPATIBILITY_VERSION = 1;
				DYLIB_CURRENT_VERSION = 1;
				DYLIB_INSTALL_NAME_BASE = "@rpath";
				INFOPLIST_FILE = EssentialFeed/Info.plist;
				INSTALL_PATH = "$(LOCAL_LIBRARY_DIR)/Frameworks";
				LD_RUNPATH_SEARCH_PATHS = (
					"$(inherited)",
					"@executable_path/../Frameworks",
					"@loader_path/Frameworks",
				);
				PRODUCT_BUNDLE_IDENTIFIER = com.test.EssentialFeed;
				PRODUCT_NAME = "$(TARGET_NAME:c99extidentifier)";
				SKIP_INSTALL = YES;
				SWIFT_VERSION = 5.0;
			};
			name = Release;
		};
		4ED00D2B24B50A9B007FBEB9 /* Debug */ = {
			isa = XCBuildConfiguration;
			buildSettings = {
				ALWAYS_EMBED_SWIFT_STANDARD_LIBRARIES = YES;
				CODE_SIGN_STYLE = Automatic;
				COMBINE_HIDPI_IMAGES = YES;
				INFOPLIST_FILE = EssentialFeedTests/Info.plist;
				LD_RUNPATH_SEARCH_PATHS = (
					"$(inherited)",
					"@executable_path/../Frameworks",
					"@loader_path/../Frameworks",
				);
				PRODUCT_BUNDLE_IDENTIFIER = com.test..EssentialFeedTests;
				PRODUCT_NAME = "$(TARGET_NAME)";
				SWIFT_VERSION = 5.0;
			};
			name = Debug;
		};
		4ED00D2C24B50A9B007FBEB9 /* Release */ = {
			isa = XCBuildConfiguration;
			buildSettings = {
				ALWAYS_EMBED_SWIFT_STANDARD_LIBRARIES = YES;
				CODE_SIGN_STYLE = Automatic;
				COMBINE_HIDPI_IMAGES = YES;
				INFOPLIST_FILE = EssentialFeedTests/Info.plist;
				LD_RUNPATH_SEARCH_PATHS = (
					"$(inherited)",
					"@executable_path/../Frameworks",
					"@loader_path/../Frameworks",
				);
				PRODUCT_BUNDLE_IDENTIFIER = com.test..EssentialFeedTests;
				PRODUCT_NAME = "$(TARGET_NAME)";
				SWIFT_VERSION = 5.0;
			};
			name = Release;
		};
/* End XCBuildConfiguration section */

/* Begin XCConfigurationList section */
		4E42F14626ADAFBB009F3914 /* Build configuration list for PBXNativeTarget "EssentialFeedAPIEndToEndTests" */ = {
			isa = XCConfigurationList;
			buildConfigurations = (
				4E42F14726ADAFBB009F3914 /* Debug */,
				4E42F14826ADAFBB009F3914 /* Release */,
			);
			defaultConfigurationIsVisible = 0;
			defaultConfigurationName = Release;
		};
		4ED00D0D24B50A9B007FBEB9 /* Build configuration list for PBXProject "EssentialFeed" */ = {
			isa = XCConfigurationList;
			buildConfigurations = (
				4ED00D2524B50A9B007FBEB9 /* Debug */,
				4ED00D2624B50A9B007FBEB9 /* Release */,
			);
			defaultConfigurationIsVisible = 0;
			defaultConfigurationName = Release;
		};
		4ED00D2724B50A9B007FBEB9 /* Build configuration list for PBXNativeTarget "EssentialFeed" */ = {
			isa = XCConfigurationList;
			buildConfigurations = (
				4ED00D2824B50A9B007FBEB9 /* Debug */,
				4ED00D2924B50A9B007FBEB9 /* Release */,
			);
			defaultConfigurationIsVisible = 0;
			defaultConfigurationName = Release;
		};
		4ED00D2A24B50A9B007FBEB9 /* Build configuration list for PBXNativeTarget "EssentialFeedTests" */ = {
			isa = XCConfigurationList;
			buildConfigurations = (
				4ED00D2B24B50A9B007FBEB9 /* Debug */,
				4ED00D2C24B50A9B007FBEB9 /* Release */,
			);
			defaultConfigurationIsVisible = 0;
			defaultConfigurationName = Release;
		};
/* End XCConfigurationList section */

/* Begin XCVersionGroup section */
		1DB5ADD82776F2B400BFF17C /* FeedStore.xcdatamodeld */ = {
			isa = XCVersionGroup;
			children = (
				1DB5ADD92776F2B400BFF17C /* FeedStore.xcdatamodel */,
			);
			currentVersion = 1DB5ADD92776F2B400BFF17C /* FeedStore.xcdatamodel */;
			path = FeedStore.xcdatamodeld;
			sourceTree = "<group>";
			versionGroupType = wrapper.xcdatamodel;
		};
/* End XCVersionGroup section */
	};
	rootObject = 4ED00D0A24B50A9B007FBEB9 /* Project object */;
}
